
Microsoft Visual Studio Solution File, Format Version 12.00
# Visual Studio Version 16
VisualStudioVersion = 16.0.31229.75
MinimumVisualStudioVersion = 10.0.40219.1
Project("{FAE04EC0-301F-11D3-BF4B-00C04F79EFBC}") = "Process", "Process\Process.csproj", "{893F7595-0562-419E-A7F7-C80B7D7DA4E6}"
EndProject
Project("{FAE04EC0-301F-11D3-BF4B-00C04F79EFBC}") = "Operation", "Operation\Operation.csproj", "{FFFC376A-7D62-437C-B8EF-14720C761B24}"
EndProject
Project("{2150E333-8FDC-42A3-9474-1A3956D46DE8}") = "src", "src", "{6FD8DF4B-4CA0-4844-8550-4326F623E169}"
EndProject
Project("{2150E333-8FDC-42A3-9474-1A3956D46DE8}") = "BuildingBlocks", "BuildingBlocks", "{FFB7F994-81DD-4F01-8735-522AAE39AC3E}"
EndProject
Project("{2150E333-8FDC-42A3-9474-1A3956D46DE8}") = "Core", "Core", "{7D636898-7369-4AAE-B91C-253778900804}"
EndProject
Project("{FAE04EC0-301F-11D3-BF4B-00C04F79EFBC}") = "Core", "Core\Core.csproj", "{204791BE-EED5-40ED-A42E-4B723E658698}"
EndProject
Project("{2150E333-8FDC-42A3-9474-1A3956D46DE8}") = "MessageBus", "MessageBus", "{75543700-C025-4F12-A9D5-4D82A6F4C242}"
EndProject
Project("{FAE04EC0-301F-11D3-BF4B-00C04F79EFBC}") = "MessageBus", "MessageBus\MessageBus.csproj", "{95D8EA21-0440-4B03-B005-B8C8B60A848C}"
EndProject
Global
	GlobalSection(SolutionConfigurationPlatforms) = preSolution
		Debug|Any CPU = Debug|Any CPU
		Release|Any CPU = Release|Any CPU
	EndGlobalSection
	GlobalSection(ProjectConfigurationPlatforms) = postSolution
		{893F7595-0562-419E-A7F7-C80B7D7DA4E6}.Debug|Any CPU.ActiveCfg = Debug|Any CPU
		{893F7595-0562-419E-A7F7-C80B7D7DA4E6}.Debug|Any CPU.Build.0 = Debug|Any CPU
		{893F7595-0562-419E-A7F7-C80B7D7DA4E6}.Release|Any CPU.ActiveCfg = Release|Any CPU
		{893F7595-0562-419E-A7F7-C80B7D7DA4E6}.Release|Any CPU.Build.0 = Release|Any CPU
		{FFFC376A-7D62-437C-B8EF-14720C761B24}.Debug|Any CPU.ActiveCfg = Debug|Any CPU
		{FFFC376A-7D62-437C-B8EF-14720C761B24}.Debug|Any CPU.Build.0 = Debug|Any CPU
		{FFFC376A-7D62-437C-B8EF-14720C761B24}.Release|Any CPU.ActiveCfg = Release|Any CPU
		{FFFC376A-7D62-437C-B8EF-14720C761B24}.Release|Any CPU.Build.0 = Release|Any CPU
		{204791BE-EED5-40ED-A42E-4B723E658698}.Debug|Any CPU.ActiveCfg = Debug|Any CPU
		{204791BE-EED5-40ED-A42E-4B723E658698}.Debug|Any CPU.Build.0 = Debug|Any CPU
		{204791BE-EED5-40ED-A42E-4B723E658698}.Release|Any CPU.ActiveCfg = Release|Any CPU
		{204791BE-EED5-40ED-A42E-4B723E658698}.Release|Any CPU.Build.0 = Release|Any CPU
		{95D8EA21-0440-4B03-B005-B8C8B60A848C}.Debug|Any CPU.ActiveCfg = Debug|Any CPU
		{95D8EA21-0440-4B03-B005-B8C8B60A848C}.Debug|Any CPU.Build.0 = Debug|Any CPU
		{95D8EA21-0440-4B03-B005-B8C8B60A848C}.Release|Any CPU.ActiveCfg = Release|Any CPU
		{95D8EA21-0440-4B03-B005-B8C8B60A848C}.Release|Any CPU.Build.0 = Release|Any CPU
	EndGlobalSection
	GlobalSection(SolutionProperties) = preSolution
		HideSolutionNode = FALSE
	EndGlobalSection
	GlobalSection(NestedProjects) = preSolution
		{893F7595-0562-419E-A7F7-C80B7D7DA4E6} = {6FD8DF4B-4CA0-4844-8550-4326F623E169}
		{FFFC376A-7D62-437C-B8EF-14720C761B24} = {6FD8DF4B-4CA0-4844-8550-4326F623E169}
		{FFB7F994-81DD-4F01-8735-522AAE39AC3E} = {6FD8DF4B-4CA0-4844-8550-4326F623E169}
		{7D636898-7369-4AAE-B91C-253778900804} = {FFB7F994-81DD-4F01-8735-522AAE39AC3E}
		{204791BE-EED5-40ED-A42E-4B723E658698} = {7D636898-7369-4AAE-B91C-253778900804}
		{75543700-C025-4F12-A9D5-4D82A6F4C242} = {FFB7F994-81DD-4F01-8735-522AAE39AC3E}
		{95D8EA21-0440-4B03-B005-B8C8B60A848C} = {75543700-C025-4F12-A9D5-4D82A6F4C242}
	EndGlobalSection
	GlobalSection(ExtensibilityGlobals) = postSolution
		SolutionGuid = {859D2701-69A8-4388-A7D8-4A33BF7B6C9F}
	EndGlobalSection
EndGlobal
